
Microsoft Visual Studio Solution File, Format Version 12.00
# Visual Studio Version 17
VisualStudioVersion = 17.5.002.0
MinimumVisualStudioVersion = 10.0.40219.1
Project("{9A19103F-16F7-4668-BE54-9A1E7A4F7556}") = "15Mayo", "15Mayo.csproj", "{D9A3F636-C7D8-4564-A9EC-850FC8A66225}"
EndProject
Global
	GlobalSection(SolutionConfigurationPlatforms) = preSolution
		Debug|Any CPU = Debug|Any CPU
		Release|Any CPU = Release|Any CPU
	EndGlobalSection
	GlobalSection(ProjectConfigurationPlatforms) = postSolution
		{D9A3F636-C7D8-4564-A9EC-850FC8A66225}.Debug|Any CPU.ActiveCfg = Debug|Any CPU
		{D9A3F636-C7D8-4564-A9EC-850FC8A66225}.Debug|Any CPU.Build.0 = Debug|Any CPU
		{D9A3F636-C7D8-4564-A9EC-850FC8A66225}.Release|Any CPU.ActiveCfg = Release|Any CPU
		{D9A3F636-C7D8-4564-A9EC-850FC8A66225}.Release|Any CPU.Build.0 = Release|Any CPU
	EndGlobalSection
	GlobalSection(SolutionProperties) = preSolution
		HideSolutionNode = FALSE
	EndGlobalSection
	GlobalSection(ExtensibilityGlobals) = postSolution
		SolutionGuid = {C346B003-B796-474B-B886-C254D8733B10}
	EndGlobalSection
EndGlobal
