
Microsoft Visual Studio Solution File, Format Version 12.00
# Visual Studio Version 17
VisualStudioVersion = 17.5.002.0
MinimumVisualStudioVersion = 10.0.40219.1
Project("{9A19103F-16F7-4668-BE54-9A1E7A4F7556}") = "api-dotnet", "api-dotnet.csproj", "{2AF95F0D-C18A-4C40-89EB-33464836F95A}"
EndProject
Global
	GlobalSection(SolutionConfigurationPlatforms) = preSolution
		Debug|Any CPU = Debug|Any CPU
		Release|Any CPU = Release|Any CPU
	EndGlobalSection
	GlobalSection(ProjectConfigurationPlatforms) = postSolution
		{2AF95F0D-C18A-4C40-89EB-33464836F95A}.Debug|Any CPU.ActiveCfg = Debug|Any CPU
		{2AF95F0D-C18A-4C40-89EB-33464836F95A}.Debug|Any CPU.Build.0 = Debug|Any CPU
		{2AF95F0D-C18A-4C40-89EB-33464836F95A}.Release|Any CPU.ActiveCfg = Release|Any CPU
		{2AF95F0D-C18A-4C40-89EB-33464836F95A}.Release|Any CPU.Build.0 = Release|Any CPU
	EndGlobalSection
	GlobalSection(SolutionProperties) = preSolution
		HideSolutionNode = FALSE
	EndGlobalSection
	GlobalSection(ExtensibilityGlobals) = postSolution
		SolutionGuid = {905F0667-F4BF-48D4-93CD-9F60C5967DC0}
	EndGlobalSection
EndGlobal
